
Microsoft Visual Studio Solution File, Format Version 12.00
# Visual Studio Version 16
VisualStudioVersion = 16.0.30413.136
MinimumVisualStudioVersion = 10.0.40219.1
Project("{FAE04EC0-301F-11D3-BF4B-00C04F79EFBC}") = "Gifter", "Gifter\Gifter.csproj", "{AC9843DC-FB07-4A8C-B820-B0FFBC63569E}"
EndProject
Global
	GlobalSection(SolutionConfigurationPlatforms) = preSolution
		Debug|Any CPU = Debug|Any CPU
		Release|Any CPU = Release|Any CPU
	EndGlobalSection
	GlobalSection(ProjectConfigurationPlatforms) = postSolution
		{AC9843DC-FB07-4A8C-B820-B0FFBC63569E}.Debug|Any CPU.ActiveCfg = Debug|Any CPU
		{AC9843DC-FB07-4A8C-B820-B0FFBC63569E}.Debug|Any CPU.Build.0 = Debug|Any CPU
		{AC9843DC-FB07-4A8C-B820-B0FFBC63569E}.Release|Any CPU.ActiveCfg = Release|Any CPU
		{AC9843DC-FB07-4A8C-B820-B0FFBC63569E}.Release|Any CPU.Build.0 = Release|Any CPU
	EndGlobalSection
	GlobalSection(SolutionProperties) = preSolution
		HideSolutionNode = FALSE
	EndGlobalSection
	GlobalSection(ExtensibilityGlobals) = postSolution
		SolutionGuid = {C66A4A4B-00C1-4EB0-8211-DF06C5C7CAC9}
	EndGlobalSection
EndGlobal
